Microsoft Visual Studio Solution File, Format Version 12.00
# Visual Studio Version 17
VisualStudioVersion = 17.5.2.0
MinimumVisualStudioVersion = 10.0.40219.1
Project("{FAE04EC0-301F-11D3-BF4B-00C04F79EFBC}") = "IO", "IO.csproj", "{18EAC8FA-109F-9304-F601-B32B25083F2E}"
EndProject
Global
	GlobalSection(SolutionConfigurationPlatforms) = preSolution
		Debug|Any CPU = Debug|Any CPU
		Release|Any CPU = Release|Any CPU
	EndGlobalSection
	GlobalSection(ProjectConfigurationPlatforms) = postSolution
		{18EAC8FA-109F-9304-F601-B32B25083F2E}.Debug|Any CPU.ActiveCfg = Debug|Any CPU
		{18EAC8FA-109F-9304-F601-B32B25083F2E}.Debug|Any CPU.Build.0 = Debug|Any CPU
		{18EAC8FA-109F-9304-F601-B32B25083F2E}.Release|Any CPU.ActiveCfg = Release|Any CPU
		{18EAC8FA-109F-9304-F601-B32B25083F2E}.Release|Any CPU.Build.0 = Release|Any CPU
	EndGlobalSection
	GlobalSection(SolutionProperties) = preSolution
		HideSolutionNode = FALSE
	EndGlobalSection
	GlobalSection(ExtensibilityGlobals) = postSolution
		SolutionGuid = {66DC90B6-958A-4A9C-A09D-1E411A59FCBA}
	EndGlobalSection
EndGlobal
